hash: 949f83942c0e836f2eeb65e0202e65d34abbb04272101b8adb5d4dc23e0fb77f
updated: 2018-03-07T13:42:41.928911253Z
imports:
- name: cloud.google.com/go
  version: 20d4028b8a750c2aca76bf9fefa8ed2d0109b573
  subpackages:
  - compute/metadata
- name: github.com/fsnotify/fsnotify
  version: c2828203cd70a50dcccfb2761f8b1f8ceef9a8e9
- name: github.com/hashicorp/hcl
  version: 23c074d0eceb2b8a5bfdbb271ab780cde70f05a8
  subpackages:
  - hcl/ast
  - hcl/parser
  - hcl/scanner
  - hcl/strconv
  - hcl/token
  - json/parser
  - json/scanner
  - json/token
- name: github.com/inconshreveable/mousetrap
  version: 76626ae9c91c4f2a10f34cad8ce83ea42c93bb75
- name: github.com/magiconair/properties
  version: 2c9e9502788518c97fe44e8955cd069417ee89df
- name: github.com/mitchellh/mapstructure
  version: 00c29f56e2386353d58c599509e8dc3801b0d716
- name: github.com/pelletier/go-toml
  version: 05bcc0fb0d3e60da4b8dd5bd7e0ea563eb4ca943
- name: github.com/spf13/afero
  version: bbf41cb36dffe15dff5bf7e18c447801e7ffe163
  subpackages:
  - mem
- name: github.com/spf13/cast
  version: 8965335b8c7107321228e3e3702cab9832751bac
- name: github.com/spf13/cobra
  version: 7b2c5ac9fc04fc5efafb60700713d4fa609b777b
- name: github.com/spf13/jwalterweatherman
  version: 7c0cea34c8ece3fbeb2b27ab9b59511d360fb394
- name: github.com/spf13/pflag
  version: ee5fd03fd6acfd43e44aea0b4135958546ed8e73
- name: github.com/spf13/viper
  version: 25b30aa063fc18e48662b86996252eabdcf2f0c7
- name: golang.org/x/net
  version: d25186b37f34ebdbbea8f488ef055638dfab272d
  subpackages:
  - context
- name: golang.org/x/oauth2
  version: 2f32c3ac0fa4fb807a0fcefb0b6f2468a0d99bd0
  subpackages:
  - google
- name: golang.org/x/sys
  version: dd2ff4accc098aceecb86b36eaa7829b2a17b1c9
  subpackages:
  - unix
- name: golang.org/x/text
  version: b7ef84aaf62aa3e70962625c80a571ae7c17cb40
  subpackages:
  - transform
  - unicode/norm
- name: google.golang.org/api
  version: 8dd9492f46214d3ecd264e970de1cf530c51c12e
  subpackages:
  - compute/v0.beta
- name: gopkg.in/yaml.v2
  version: 7f97868eec74b32b0982dd158a51a446d1da7eb5
testImports: []
